
Microsoft Visual Studio Solution File, Format Version 12.00
# Visual Studio Version 17
VisualStudioVersion = 17.8.34330.188
MinimumVisualStudioVersion = 10.0.40219.1
Project("{9A19103F-16F7-4668-BE54-9A1E7A4F7556}") = "cleardrive.desktop", "cleardrive.desktop\cleardrive.desktop\cleardrive.desktop.csproj", "{17E679D9-F3B2-4B37-B529-F45B57DD595A}"
EndProject
Project("{9A19103F-16F7-4668-BE54-9A1E7A4F7556}") = "cleardrive.desktop.viewmodel", "cleardrive.desktop.viewmodel\cleardrive.desktop.viewmodel\cleardrive.desktop.viewmodel.csproj", "{39E6B772-87F0-40D6-A168-36CB801F8F65}"
EndProject
Project("{9A19103F-16F7-4668-BE54-9A1E7A4F7556}") = "cleardrive.desktop.services", "cleardrive.desktop.services\cleardrive.desktop.services\cleardrive.desktop.services.csproj", "{98D7E4D7-08D5-4322-8CCB-DEE61438A2E8}"
EndProject
Project("{FAE04EC0-301F-11D3-BF4B-00C04F79EFBC}") = "Extensions", "Extensions\Extensions.csproj", "{FB8047C2-1B98-4349-BED2-15692B8147FE}"
EndProject
Project("{FAE04EC0-301F-11D3-BF4B-00C04F79EFBC}") = "Models", "Models\Models.csproj", "{915A7390-EA1A-4437-BA33-CE93E8297ED6}"
EndProject
Global
	GlobalSection(SolutionConfigurationPlatforms) = preSolution
		Debug|Any CPU = Debug|Any CPU
		Release|Any CPU = Release|Any CPU
	EndGlobalSection
	GlobalSection(ProjectConfigurationPlatforms) = postSolution
		{17E679D9-F3B2-4B37-B529-F45B57DD595A}.Debug|Any CPU.ActiveCfg = Debug|Any CPU
		{17E679D9-F3B2-4B37-B529-F45B57DD595A}.Debug|Any CPU.Build.0 = Debug|Any CPU
		{17E679D9-F3B2-4B37-B529-F45B57DD595A}.Release|Any CPU.ActiveCfg = Release|Any CPU
		{17E679D9-F3B2-4B37-B529-F45B57DD595A}.Release|Any CPU.Build.0 = Release|Any CPU
		{39E6B772-87F0-40D6-A168-36CB801F8F65}.Debug|Any CPU.ActiveCfg = Debug|Any CPU
		{39E6B772-87F0-40D6-A168-36CB801F8F65}.Debug|Any CPU.Build.0 = Debug|Any CPU
		{39E6B772-87F0-40D6-A168-36CB801F8F65}.Release|Any CPU.ActiveCfg = Release|Any CPU
		{39E6B772-87F0-40D6-A168-36CB801F8F65}.Release|Any CPU.Build.0 = Release|Any CPU
		{98D7E4D7-08D5-4322-8CCB-DEE61438A2E8}.Debug|Any CPU.ActiveCfg = Debug|Any CPU
		{98D7E4D7-08D5-4322-8CCB-DEE61438A2E8}.Debug|Any CPU.Build.0 = Debug|Any CPU
		{98D7E4D7-08D5-4322-8CCB-DEE61438A2E8}.Release|Any CPU.ActiveCfg = Release|Any CPU
		{98D7E4D7-08D5-4322-8CCB-DEE61438A2E8}.Release|Any CPU.Build.0 = Release|Any CPU
		{FB8047C2-1B98-4349-BED2-15692B8147FE}.Debug|Any CPU.ActiveCfg = Debug|Any CPU
		{FB8047C2-1B98-4349-BED2-15692B8147FE}.Debug|Any CPU.Build.0 = Debug|Any CPU
		{FB8047C2-1B98-4349-BED2-15692B8147FE}.Release|Any CPU.ActiveCfg = Release|Any CPU
		{FB8047C2-1B98-4349-BED2-15692B8147FE}.Release|Any CPU.Build.0 = Release|Any CPU
		{915A7390-EA1A-4437-BA33-CE93E8297ED6}.Debug|Any CPU.ActiveCfg = Debug|Any CPU
		{915A7390-EA1A-4437-BA33-CE93E8297ED6}.Debug|Any CPU.Build.0 = Debug|Any CPU
		{915A7390-EA1A-4437-BA33-CE93E8297ED6}.Release|Any CPU.ActiveCfg = Release|Any CPU
		{915A7390-EA1A-4437-BA33-CE93E8297ED6}.Release|Any CPU.Build.0 = Release|Any CPU
	EndGlobalSection
	GlobalSection(SolutionProperties) = preSolution
		HideSolutionNode = FALSE
	EndGlobalSection
	GlobalSection(ExtensibilityGlobals) = postSolution
		SolutionGuid = {2AB66F70-6F1D-4236-B859-1FAF831B4ACE}
	EndGlobalSection
EndGlobal
